
Microsoft Visual Studio Solution File, Format Version 12.00
# Visual Studio Version 17
VisualStudioVersion = 17.12.35527.113
MinimumVisualStudioVersion = 10.0.40219.1
Project("{FAE04EC0-301F-11D3-BF4B-00C04F79EFBC}") = "RAGSystem", "RAGSystem\RAGSystem.csproj", "{E569E687-4D40-44B0-8D6D-FDEA1DD0C3B8}"
EndProject
Project("{2150E333-8FDC-42A3-9474-1A3956D46DE8}") = "wwwroot", "wwwroot", "{B05F7AEC-287A-49DB-B7E7-B27F702B0E9F}"
EndProject
Project("{2150E333-8FDC-42A3-9474-1A3956D46DE8}") = "audio", "audio", "{47DAF53A-5A5E-4394-89E5-A410581E5A31}"
EndProject
Global
	GlobalSection(SolutionConfigurationPlatforms) = preSolution
		Debug|Any CPU = Debug|Any CPU
		Release|Any CPU = Release|Any CPU
	EndGlobalSection
	GlobalSection(ProjectConfigurationPlatforms) = postSolution
		{E569E687-4D40-44B0-8D6D-FDEA1DD0C3B8}.Debug|Any CPU.ActiveCfg = Debug|Any CPU
		{E569E687-4D40-44B0-8D6D-FDEA1DD0C3B8}.Debug|Any CPU.Build.0 = Debug|Any CPU
		{E569E687-4D40-44B0-8D6D-FDEA1DD0C3B8}.Release|Any CPU.ActiveCfg = Release|Any CPU
		{E569E687-4D40-44B0-8D6D-FDEA1DD0C3B8}.Release|Any CPU.Build.0 = Release|Any CPU
	EndGlobalSection
	GlobalSection(SolutionProperties) = preSolution
		HideSolutionNode = FALSE
	EndGlobalSection
	GlobalSection(NestedProjects) = preSolution
		{47DAF53A-5A5E-4394-89E5-A410581E5A31} = {B05F7AEC-287A-49DB-B7E7-B27F702B0E9F}
	EndGlobalSection
EndGlobal
